{
    "version": 3,
    "terraform_version": "0.11.7",
    "serial": 5,
    "lineage": "c5197f3c-964a-ff3c-d252-8e93c0c9c8b8",
    "modules": [
        {
            "path": [
                "root"
            ],
            "outputs": {
                "ip_address": {
                    "sensitive": false,
                    "type": "string",
                    "value": "18.233.147.7"
                }
            },
            "resources": {
                "aws_instance.web": {
                    "type": "aws_instance",
                    "depends_on": [
                        "data.consul_keys.aws_infra"
                    ],
                    "primary": {
                        "id": "i-0ba4dbb56cc2387ff",
                        "attributes": {
                            "ami": "ami-43a15f3e",
                            "associate_public_ip_address": "true",
                            "availability_zone": "us-east-1a",
                            "credit_specification.#": "1",
                            "credit_specification.0.cpu_credits": "standard",
                            "disable_api_termination": "false",
                            "ebs_block_device.#": "0",
                            "ebs_optimized": "false",
                            "ephemeral_block_device.#": "0",
                            "get_password_data": "false",
                            "iam_instance_profile": "",
                            "id": "i-0ba4dbb56cc2387ff",
                            "instance_state": "running",
                            "instance_type": "t2.small",
                            "ipv6_addresses.#": "0",
                            "key_name": "id_rsa",
                            "monitoring": "false",
                            "network_interface.#": "0",
                            "network_interface_id": "eni-13c73f87",
                            "password_data": "",
                            "placement_group": "",
                            "primary_network_interface_id": "eni-13c73f87",
                            "private_dns": "ip-172-31-86-224.ec2.internal",
                            "private_ip": "172.31.86.224",
                            "public_dns": "ec2-18-233-147-7.compute-1.amazonaws.com",
                            "public_ip": "18.233.147.7",
                            "root_block_device.#": "1",
                            "root_block_device.0.delete_on_termination": "true",
                            "root_block_device.0.iops": "100",
                            "root_block_device.0.volume_id": "vol-0140fea30b43e0acb",
                            "root_block_device.0.volume_size": "8",
                            "root_block_device.0.volume_type": "gp2",
                            "security_groups.#": "1",
                            "security_groups.3761988674": "consul-public",
                            "source_dest_check": "true",
                            "subnet_id": "subnet-a9915286",
                            "tags.%": "1",
                            "tags.Name": "proxy",
                            "tenancy": "default",
                            "volume_tags.%": "0",
                            "vpc_security_group_ids.#": "1",
                            "vpc_security_group_ids.2696585734": "sg-dc2dc794"
                        },
                        "meta": {
                            "e2bfb730-ecaa-11e6-8f88-34363bc7c4c0": {
                                "create": 600000000000,
                                "delete": 1200000000000,
                                "update": 600000000000
                            },
                            "schema_version": "1"
                        },
                        "tainted": false
                    },
                    "deposed": [],
                    "provider": "provider.aws"
                },
                "data.consul_keys.aws_infra": {
                    "type": "consul_keys",
                    "depends_on": [],
                    "primary": {
                        "id": "-",
                        "attributes": {
                            "datacenter": "dc1",
                            "id": "-",
                            "key.#": "6",
                            "key.1609154477.default": "",
                            "key.1609154477.name": "instance_user",
                            "key.1609154477.path": "services/consul_cluster/instance_user",
                            "key.2014959896.default": "",
                            "key.2014959896.name": "security_group",
                            "key.2014959896.path": "services/consul_cluster/security_group",
                            "key.2493809444.default": "",
                            "key.2493809444.name": "ami",
                            "key.2493809444.path": "services/consul_cluster/ami",
                            "key.3059635515.default": "",
                            "key.3059635515.name": "subnet_id",
                            "key.3059635515.path": "services/consul_cluster/subnet_id",
                            "key.770924050.default": "",
                            "key.770924050.name": "key_pair",
                            "key.770924050.path": "services/consul_cluster/key_pair",
                            "key.792468298.default": "",
                            "key.792468298.name": "instance_type",
                            "key.792468298.path": "services/consul_cluster/instance_type",
                            "var.%": "6",
                            "var.ami": "ami-43a15f3e",
                            "var.instance_type": "t2.small",
                            "var.instance_user": "ubuntu",
                            "var.key_pair": "id_rsa",
                            "var.security_group": "sg-dc2dc794",
                            "var.subnet_id": "subnet-a9915286"
                        },
                        "meta": {},
                        "tainted": false
                    },
                    "deposed": [],
                    "provider": "provider.consul"
                }
            },
            "depends_on": []
        }
    ]
}
