{
    "version": 3,
    "terraform_version": "0.11.7",
    "serial": 2,
    "lineage": "0325ace0-257e-a7f0-f490-30a5ae8398f7",
    "modules": [
        {
            "path": [
                "root"
            ],
            "outputs": {},
            "resources": {},
            "depends_on": []
        },
        {
            "path": [
                "root",
                "service_config"
            ],
            "outputs": {},
            "resources": {
                "github_team_membership.admin_team_membership": {
                    "type": "github_team_membership",
                    "depends_on": [
                        "module.admin_team"
                    ],
                    "primary": {
                        "id": "2750646:djaboxx",
                        "attributes": {
                            "id": "2750646:djaboxx",
                            "role": "maintainer",
                            "team_id": "2750646",
                            "username": "djaboxx"
                        },
                        "meta": {},
                        "tainted": false
                    },
                    "deposed": [],
                    "provider": "provider.github"
                },
                "github_team_membership.dev_team_membership": {
                    "type": "github_team_membership",
                    "depends_on": [
                        "module.dev_team"
                    ],
                    "primary": {
                        "id": "2750647:happymemes",
                        "attributes": {
                            "id": "2750647:happymemes",
                            "role": "maintainer",
                            "team_id": "2750647",
                            "username": "happymemes"
                        },
                        "meta": {},
                        "tainted": false
                    },
                    "deposed": [],
                    "provider": "provider.github"
                }
            },
            "depends_on": []
        },
        {
            "path": [
                "root",
                "service_config",
                "admin_repo_team"
            ],
            "outputs": {},
            "resources": {
                "github_team_repository.team_repo": {
                    "type": "github_team_repository",
                    "depends_on": [],
                    "primary": {
                        "id": "2750646:HappyMeme",
                        "attributes": {
                            "id": "2750646:HappyMeme",
                            "permission": "admin",
                            "repository": "HappyMeme",
                            "team_id": "2750646"
                        },
                        "meta": {},
                        "tainted": false
                    },
                    "deposed": [],
                    "provider": "provider.github"
                }
            },
            "depends_on": []
        },
        {
            "path": [
                "root",
                "service_config",
                "admin_team"
            ],
            "outputs": {
                "team_id": {
                    "sensitive": false,
                    "type": "string",
                    "value": "2750646"
                }
            },
            "resources": {
                "github_team.team": {
                    "type": "github_team",
                    "depends_on": [],
                    "primary": {
                        "id": "2750646",
                        "attributes": {
                            "description": "HappyMeme Administrators",
                            "id": "2750646",
                            "ldap_dn": "",
                            "name": "HappyMemeAdmin",
                            "privacy": "secret"
                        },
                        "meta": {},
                        "tainted": false
                    },
                    "deposed": [],
                    "provider": "provider.github"
                }
            },
            "depends_on": []
        },
        {
            "path": [
                "root",
                "service_config",
                "dev_repo_team"
            ],
            "outputs": {},
            "resources": {
                "github_team_repository.team_repo": {
                    "type": "github_team_repository",
                    "depends_on": [],
                    "primary": {
                        "id": "2750647:HappyMeme",
                        "attributes": {
                            "id": "2750647:HappyMeme",
                            "permission": "push",
                            "repository": "HappyMeme",
                            "team_id": "2750647"
                        },
                        "meta": {},
                        "tainted": false
                    },
                    "deposed": [],
                    "provider": "provider.github"
                }
            },
            "depends_on": []
        },
        {
            "path": [
                "root",
                "service_config",
                "dev_team"
            ],
            "outputs": {
                "team_id": {
                    "sensitive": false,
                    "type": "string",
                    "value": "2750647"
                }
            },
            "resources": {
                "github_team.team": {
                    "type": "github_team",
                    "depends_on": [],
                    "primary": {
                        "id": "2750647",
                        "attributes": {
                            "description": "HappyMeme Developers",
                            "id": "2750647",
                            "ldap_dn": "",
                            "name": "HappyMemeDev",
                            "privacy": "secret"
                        },
                        "meta": {},
                        "tainted": false
                    },
                    "deposed": [],
                    "provider": "provider.github"
                }
            },
            "depends_on": []
        },
        {
            "path": [
                "root",
                "service_config",
                "pd_oncall"
            ],
            "outputs": {},
            "resources": {
                "data.pagerduty_user.dayshift_users": {
                    "type": "pagerduty_user",
                    "depends_on": [],
                    "primary": {
                        "id": "PEJYFKV",
                        "attributes": {
                            "email": "dave@happypathway.com",
                            "id": "PEJYFKV",
                            "name": "David Arnold"
                        },
                        "meta": {},
                        "tainted": false
                    },
                    "deposed": [],
                    "provider": "module.service_config.module.pd_oncall.provider.pagerduty"
                },
                "data.pagerduty_user.nightshift_users": {
                    "type": "pagerduty_user",
                    "depends_on": [],
                    "primary": {
                        "id": "PHJRAMI",
                        "attributes": {
                            "email": "dja@sonic.net",
                            "id": "PHJRAMI",
                            "name": "Mamta"
                        },
                        "meta": {},
                        "tainted": false
                    },
                    "deposed": [],
                    "provider": "module.service_config.module.pd_oncall.provider.pagerduty"
                },
                "pagerduty_escalation_policy.policy": {
                    "type": "pagerduty_escalation_policy",
                    "depends_on": [
                        "pagerduty_schedule.schedule",
                        "pagerduty_team.team"
                    ],
                    "primary": {
                        "id": "PF8I9P4",
                        "attributes": {
                            "description": "Managed by Terraform",
                            "id": "PF8I9P4",
                            "name": "HappyMeme Escalation Policy",
                            "num_loops": "2",
                            "rule.#": "1",
                            "rule.0.escalation_delay_in_minutes": "10",
                            "rule.0.id": "PJ66UX0",
                            "rule.0.target.#": "1",
                            "rule.0.target.0.id": "PGYN7I5",
                            "rule.0.target.0.type": "schedule_reference",
                            "teams.#": "1",
                            "teams.0": "P96XGLI"
                        },
                        "meta": {},
                        "tainted": false
                    },
                    "deposed": [],
                    "provider": "module.service_config.module.pd_oncall.provider.pagerduty"
                },
                "pagerduty_schedule.schedule": {
                    "type": "pagerduty_schedule",
                    "depends_on": [
                        "data.pagerduty_user.dayshift_users.*",
                        "data.pagerduty_user.nightshift_users.*"
                    ],
                    "primary": {
                        "id": "PGYN7I5",
                        "attributes": {
                            "description": "Managed by Terraform",
                            "id": "PGYN7I5",
                            "layer.#": "2",
                            "layer.0.end": "",
                            "layer.0.id": "PSA9R5L",
                            "layer.0.name": "Day Shift",
                            "layer.0.restriction.#": "1",
                            "layer.0.restriction.0.duration_seconds": "43200",
                            "layer.0.restriction.0.start_day_of_week": "0",
                            "layer.0.restriction.0.start_time_of_day": "08:00:00",
                            "layer.0.restriction.0.type": "daily_restriction",
                            "layer.0.rotation_turn_length_seconds": "86400",
                            "layer.0.rotation_virtual_start": "2015-11-06T20:00:00-05:00",
                            "layer.0.start": "2018-05-06T16:33:07-04:00",
                            "layer.0.users.#": "1",
                            "layer.0.users.0": "PEJYFKV",
                            "layer.1.end": "",
                            "layer.1.id": "P4FPP1I",
                            "layer.1.name": "Night Shift",
                            "layer.1.restriction.#": "1",
                            "layer.1.restriction.0.duration_seconds": "43200",
                            "layer.1.restriction.0.start_day_of_week": "0",
                            "layer.1.restriction.0.start_time_of_day": "20:00:00",
                            "layer.1.restriction.0.type": "daily_restriction",
                            "layer.1.rotation_turn_length_seconds": "86400",
                            "layer.1.rotation_virtual_start": "2015-11-06T20:00:00-05:00",
                            "layer.1.start": "2018-05-06T16:33:07-04:00",
                            "layer.1.users.#": "1",
                            "layer.1.users.0": "PHJRAMI",
                            "name": "HappyMeme Daily Engineering Rotation",
                            "time_zone": "America/New_York"
                        },
                        "meta": {},
                        "tainted": false
                    },
                    "deposed": [],
                    "provider": "module.service_config.module.pd_oncall.provider.pagerduty"
                },
                "pagerduty_service.service": {
                    "type": "pagerduty_service",
                    "depends_on": [
                        "pagerduty_escalation_policy.policy"
                    ],
                    "primary": {
                        "id": "PE9I4SA",
                        "attributes": {
                            "acknowledgement_timeout": "3600",
                            "alert_creation": "create_incidents",
                            "auto_resolve_timeout": "3600",
                            "created_at": "2018-05-06T13:33:09-07:00",
                            "description": "HappyMeme",
                            "escalation_policy": "PF8I9P4",
                            "id": "PE9I4SA",
                            "incident_urgency_rule.#": "1",
                            "incident_urgency_rule.0.during_support_hours.#": "1",
                            "incident_urgency_rule.0.during_support_hours.0.type": "constant",
                            "incident_urgency_rule.0.during_support_hours.0.urgency": "high",
                            "incident_urgency_rule.0.outside_support_hours.#": "1",
                            "incident_urgency_rule.0.outside_support_hours.0.type": "constant",
                            "incident_urgency_rule.0.outside_support_hours.0.urgency": "low",
                            "incident_urgency_rule.0.type": "use_support_hours",
                            "incident_urgency_rule.0.urgency": "",
                            "last_incident_timestamp": "",
                            "name": "HappyMeme",
                            "scheduled_actions.#": "1",
                            "scheduled_actions.0.at.#": "1",
                            "scheduled_actions.0.at.0.name": "support_hours_start",
                            "scheduled_actions.0.at.0.type": "named_time",
                            "scheduled_actions.0.to_urgency": "high",
                            "scheduled_actions.0.type": "urgency_change",
                            "status": "active",
                            "support_hours.#": "1",
                            "support_hours.0.days_of_week.#": "5",
                            "support_hours.0.days_of_week.0": "1",
                            "support_hours.0.days_of_week.1": "2",
                            "support_hours.0.days_of_week.2": "3",
                            "support_hours.0.days_of_week.3": "4",
                            "support_hours.0.days_of_week.4": "5",
                            "support_hours.0.end_time": "17:00:00",
                            "support_hours.0.start_time": "09:00:00",
                            "support_hours.0.time_zone": "America/New_York",
                            "support_hours.0.type": "fixed_time_per_day"
                        },
                        "meta": {},
                        "tainted": false
                    },
                    "deposed": [],
                    "provider": "module.service_config.module.pd_oncall.provider.pagerduty"
                },
                "pagerduty_team.team": {
                    "type": "pagerduty_team",
                    "depends_on": [],
                    "primary": {
                        "id": "P96XGLI",
                        "attributes": {
                            "description": "All HappyMeme engineering",
                            "id": "P96XGLI",
                            "name": "HappyMeme Engineering"
                        },
                        "meta": {},
                        "tainted": false
                    },
                    "deposed": [],
                    "provider": "module.service_config.module.pd_oncall.provider.pagerduty"
                }
            },
            "depends_on": []
        }
    ]
}
